<?xml version="1.0" encoding="utf-8"?>
<Project ToolsVersion="4.0" xmlns="http://schemas.microsoft.com/developer/msbuild/2003">
  <ItemGroup>
    <Filter Include="Source Files">
      <UniqueIdentifier>{4FC737F1-C7A5-4376-A066-2A32D752A2FF}</UniqueIdentifier>
      <Extensions>cpp;c;cc;cxx;c++;cppm;ixx;def;odl;idl;hpj;bat;asm;asmx</Extensions>
    </Filter>
    <Filter Include="Header Files">
      <UniqueIdentifier>{93995380-89BD-4b04-88EB-625FBE52EBFB}</UniqueIdentifier>
      <Extensions>h;hh;hpp;hxx;h++;hm;inl;inc;ipp;xsd</Extensions>
    </Filter>
    <Filter Include="Resource Files">
      <UniqueIdentifier>{67DA6AB6-F800-4c08-8B7A-83BB121AAD01}</UniqueIdentifier>
      <Extensions>rc;ico;cur;bmp;dlg;rc2;rct;bin;rgs;gif;jpg;jpeg;jpe;resx;tiff;tif;png;wav;mfcribbon-ms</Extensions>
    </Filter>
    <Filter Include="Resource Files\Shaders">
      <UniqueIdentifier>{47674e99-c68d-406c-a556-2e3b4325308b}</UniqueIdentifier>
    </Filter>
    <Filter Include="Header Files\Shapes">
      <UniqueIdentifier>{af876d39-de6a-41b8-9b1e-f94f0e11a0f7}</UniqueIdentifier>
    </Filter>
    <Filter Include="Source Files\Shapes">
      <UniqueIdentifier>{d167a239-0c0e-4c1d-a6f1-4716b45ecf21}</UniqueIdentifier>
    </Filter>
    <Filter Include="Source Files\Loaders">
      <UniqueIdentifier>{0313ced2-70a1-4f97-8569-55225f835763}</UniqueIdentifier>
    </Filter>
    <Filter Include="Header Files\Loaders">
      <UniqueIdentifier>{f6392454-e760-4d33-aee8-9dfb55b146d1}</UniqueIdentifier>
    </Filter>
  </ItemGroup>
  <ItemGroup>
    <ClCompile Include="main.cpp">
      <Filter>Source Files</Filter>
    </ClCompile>
    <ClCompile Include="Hexagon.cpp">
      <Filter>Source Files\Shapes</Filter>
    </ClCompile>
    <ClCompile Include="Quad.cpp">
      <Filter>Source Files\Shapes</Filter>
    </ClCompile>
    <ClCompile Include="Shape.cpp">
      <Filter>Source Files\Shapes</Filter>
    </ClCompile>
    <ClCompile Include="ShaderLoader.cpp">
      <Filter>Source Files\Loaders</Filter>
    </ClCompile>
    <ClCompile Include="Texture.cpp">
      <Filter>Source Files</Filter>
    </ClCompile>
    <ClCompile Include="Camera.cpp">
      <Filter>Source Files</Filter>
    </ClCompile>
    <ClCompile Include="Transform.cpp">
      <Filter>Source Files</Filter>
    </ClCompile>
    <ClCompile Include="TimeManager.cpp">
      <Filter>Source Files</Filter>
    </ClCompile>
  </ItemGroup>
  <ItemGroup>
    <ClInclude Include="Hexagon.h">
      <Filter>Header Files\Shapes</Filter>
    </ClInclude>
    <ClInclude Include="Quad.h">
      <Filter>Header Files\Shapes</Filter>
    </ClInclude>
    <ClInclude Include="Shape.h">
      <Filter>Header Files\Shapes</Filter>
    </ClInclude>
    <ClInclude Include="ShaderLoader.h">
      <Filter>Header Files\Loaders</Filter>
    </ClInclude>
    <ClInclude Include="Texture.h">
      <Filter>Header Files</Filter>
    </ClInclude>
    <ClInclude Include="Camera.h">
      <Filter>Header Files</Filter>
    </ClInclude>
    <ClInclude Include="Transform.h">
      <Filter>Header Files</Filter>
    </ClInclude>
    <ClInclude Include="TimeManager.h">
      <Filter>Header Files</Filter>
    </ClInclude>
  </ItemGroup>
  <ItemGroup>
    <None Include="Texture.frag">
      <Filter>Resource Files\Shaders</Filter>
    </None>
    <None Include="Resources\Shaders\TextureMix.frag">
      <Filter>Resource Files\Shaders</Filter>
    </None>
    <None Include="Resources\Shaders\ClipSpace.vert">
      <Filter>Resource Files\Shaders</Filter>
    </None>
  </ItemGroup>
</Project>